
Microsoft Visual Studio Solution File, Format Version 12.00
# Visual Studio 2012
Project("{8BC9CEB8-8B4A-11D0-8D11-00A0C91BC942}") = "seat", "seat\seat.vcxproj", "{A2558D04-1630-4D1E-B6CF-80F1ADD5EE36}"
EndProject
Project("{8BC9CEB8-8B4A-11D0-8D11-00A0C91BC942}") = "MyApp01", "..\..\..\learn\C++\exercise\MyApp01\MyApp01\MyApp01.vcxproj", "{D411F43B-62B9-4BCF-A083-BD7735AAA986}"
EndProject
Global
	GlobalSection(SolutionConfigurationPlatforms) = preSolution
		Debug|Win32 = Debug|Win32
		Debug|x64 = Debug|x64
		Release|Win32 = Release|Win32
		Release|x64 = Release|x64
	EndGlobalSection
	GlobalSection(ProjectConfigurationPlatforms) = postSolution
		{A2558D04-1630-4D1E-B6CF-80F1ADD5EE36}.Debug|Win32.ActiveCfg = Debug|Win32
		{A2558D04-1630-4D1E-B6CF-80F1ADD5EE36}.Debug|Win32.Build.0 = Debug|Win32
		{A2558D04-1630-4D1E-B6CF-80F1ADD5EE36}.Debug|x64.ActiveCfg = Debug|Win32
		{A2558D04-1630-4D1E-B6CF-80F1ADD5EE36}.Release|Win32.ActiveCfg = Release|Win32
		{A2558D04-1630-4D1E-B6CF-80F1ADD5EE36}.Release|Win32.Build.0 = Release|Win32
		{A2558D04-1630-4D1E-B6CF-80F1ADD5EE36}.Release|x64.ActiveCfg = Release|Win32
		{D411F43B-62B9-4BCF-A083-BD7735AAA986}.Debug|Win32.ActiveCfg = Debug|Win32
		{D411F43B-62B9-4BCF-A083-BD7735AAA986}.Debug|Win32.Build.0 = Debug|Win32
		{D411F43B-62B9-4BCF-A083-BD7735AAA986}.Debug|x64.ActiveCfg = Debug|x64
		{D411F43B-62B9-4BCF-A083-BD7735AAA986}.Debug|x64.Build.0 = Debug|x64
		{D411F43B-62B9-4BCF-A083-BD7735AAA986}.Release|Win32.ActiveCfg = Release|Win32
		{D411F43B-62B9-4BCF-A083-BD7735AAA986}.Release|Win32.Build.0 = Release|Win32
		{D411F43B-62B9-4BCF-A083-BD7735AAA986}.Release|x64.ActiveCfg = Release|x64
		{D411F43B-62B9-4BCF-A083-BD7735AAA986}.Release|x64.Build.0 = Release|x64
	EndGlobalSection
	GlobalSection(SolutionProperties) = preSolution
		HideSolutionNode = FALSE
	EndGlobalSection
EndGlobal
